
Microsoft Visual Studio Solution File, Format Version 12.00
# Visual Studio Version 17
VisualStudioVersion = 17.1.32319.34
MinimumVisualStudioVersion = 10.0.40219.1
Project("{FAE04EC0-301F-11D3-BF4B-00C04F79EFBC}") = "ApiKeyTest", "ApiKeyTest\ApiKeyTest.csproj", "{ADBFBFAD-96B6-43D7-AFD3-BA6041B350A7}"
EndProject
Global
	GlobalSection(SolutionConfigurationPlatforms) = preSolution
		Debug|Any CPU = Debug|Any CPU
		Release|Any CPU = Release|Any CPU
	EndGlobalSection
	GlobalSection(ProjectConfigurationPlatforms) = postSolution
		{ADBFBFAD-96B6-43D7-AFD3-BA6041B350A7}.Debug|Any CPU.ActiveCfg = Debug|Any CPU
		{ADBFBFAD-96B6-43D7-AFD3-BA6041B350A7}.Debug|Any CPU.Build.0 = Debug|Any CPU
		{ADBFBFAD-96B6-43D7-AFD3-BA6041B350A7}.Release|Any CPU.ActiveCfg = Release|Any CPU
		{ADBFBFAD-96B6-43D7-AFD3-BA6041B350A7}.Release|Any CPU.Build.0 = Release|Any CPU
	EndGlobalSection
	GlobalSection(SolutionProperties) = preSolution
		HideSolutionNode = FALSE
	EndGlobalSection
	GlobalSection(ExtensibilityGlobals) = postSolution
		SolutionGuid = {C0F06065-9386-4B18-8380-40BFB4F990B3}
	EndGlobalSection
EndGlobal
